{
  "originHash" : "607191653c47880e4287efa79e347da3b5836db17ba34f197c2f568e31bbdf67",
  "pins" : [
    {
      "identity" : "dogecoinkit",
      "kind" : "remoteSourceControl",
      "location" : "https://github.com/SparrowTek/DogecoinKit",
      "state" : {
        "branch" : "main",
        "revision" : "df00bc26f227317d62d9e2db887bc999524dcf55"
      }
    },
    {
      "identity" : "grdb.swift",
      "kind" : "remoteSourceControl",
      "location" : "https://github.com/groue/GRDB.swift",
      "state" : {
        "revision" : "aa0079aeb82a4bf00324561a40bffe68c6fe1c26",
        "version" : "7.9.0"
      }
    },
    {
      "identity" : "libdogecoin",
      "kind" : "remoteSourceControl",
      "location" : "https://github.com/radmakr/libdogecoin",
      "state" : {
        "branch" : "0.1.5-dev-swiftpm",
        "revision" : "3350908af0f9a492a54fed8f6e0fa3a5ace72ffb"
      }
    },
    {
      "identity" : "swift-argument-parser",
      "kind" : "remoteSourceControl",
      "location" : "https://github.com/apple/swift-argument-parser",
      "state" : {
        "revision" : "c5d11a805e765f52ba34ec7284bd4fcd6ba68615",
        "version" : "1.7.0"
      }
    }
  ],
  "version" : 3
}
